{
  "name": "nh-scaler",
  "lockfileVersion": 3,
  "requires": true,
  "packages": {
    "": {
      "dependencies": {
        "anime4k-webgpu": "^1.0.0"
      }
    },
    "node_modules/@webgpu/types": {
      "version": "0.1.70",
      "license": "BSD-3-Clause",
      "peer": true
    },
    "node_modules/anime4k-webgpu": {
      "version": "1.0.0",
      "resolved": "https://registry.npmjs.org/anime4k-webgpu/-/anime4k-webgpu-1.0.0.tgz",
      "integrity": "sha512-syZZyDRHYukFnDLxdES4AuMHzKwxlu5Lo52yhEEc1hwKQmvza8DGC62/VDPrrWOu4KArU5jh/0yFJQBwetGuxg==",
      "license": "MIT",
      "peerDependencies": {
        "@webgpu/types": "^0.1.38"
      }
    }
  }
}
